# THIS IS AN AUTOGENERATED FILE. DO NOT EDIT THIS FILE DIRECTLY.
# yarn lockfile v1


"@types/chrome@^0.0.263":
  version "0.0.263"
  resolved "https://registry.yarnpkg.com/@types/chrome/-/chrome-0.0.263.tgz#b629fb3ae67d55eb722decbef656f685cf23d5c8"
  integrity sha512-As0vzv99ov3M6ZR7R6VzhMWFZXkPMrFrCEXXVrMN576Cm70fTkj7Df2CF+qEo170JepX50pd11cX6O4DSAtl2Q==
  dependencies:
    "@types/filesystem" "*"
    "@types/har-format" "*"

"@types/filesystem@*":
  version "0.0.35"
  resolved "https://registry.yarnpkg.com/@types/filesystem/-/filesystem-0.0.35.tgz#6d6766626083e2b397c09bdc57092827120db11d"
  integrity sha512-1eKvCaIBdrD2mmMgy5dwh564rVvfEhZTWVQQGRNn0Nt4ZEnJ0C8oSUCzvMKRA4lGde5oEVo+q2MrTTbV/GHDCQ==
  dependencies:
    "@types/filewriter" "*"

"@types/filewriter@*":
  version "0.0.33"
  resolved "https://registry.yarnpkg.com/@types/filewriter/-/filewriter-0.0.33.tgz#d9d611db9d9cd99ae4e458de420eeb64ad604ea8"
  integrity sha512-xFU8ZXTw4gd358lb2jw25nxY9QAgqn2+bKKjKOYfNCzN4DKCFetK7sPtrlpg66Ywe3vWY9FNxprZawAh9wfJ3g==

"@types/har-format@*":
  version "1.2.15"
  resolved "https://registry.yarnpkg.com/@types/har-format/-/har-format-1.2.15.tgz#f352493638c2f89d706438a19a9eb300b493b506"
  integrity sha512-RpQH4rXLuvTXKR0zqHq3go0RVXYv/YVqv4TnPH95VbwUxZdQlK1EtcMvQvMpDngHbt13Csh9Z4qT9AbkiQH5BA==

chrome-types@^0.1.274:
  version "0.1.274"
  resolved "https://registry.yarnpkg.com/chrome-types/-/chrome-types-0.1.274.tgz#0c91a5bbc0347220c72ccf72fdc892490382ff1e"
  integrity sha512-586IZGdX/KUUm1+uxcCwjgo4FLBf46oXK7fIQVSxA1x3wokaGI98gzYbaMpeHfrICYYDrJAJla7iWIhhzXp1dQ==
